// !$*UTF8*$!
{
	archiveVersion = 1;
	classes = {
	};
	objectVersion = 56;
	objects = {

/* Begin PBXBuildFile section */
		DF1F805829A298D800830A38 /* HeroHeaderUIVIew.swift in Sources */ = {isa = PBXBuildFile; fileRef = DF1F805729A298D800830A38 /* HeroHeaderUIVIew.swift */; };
		DF61E05829A46F800077DD09 /* APICaller.swift in Sources */ = {isa = PBXBuildFile; fileRef = DF61E05729A46F800077DD09 /* APICaller.swift */; };
		DF61E05A29A474D70077DD09 /* Movie.swift in Sources */ = {isa = PBXBuildFile; fileRef = DF61E05929A474D70077DD09 /* Movie.swift */; };
		DF73A59529A1583500B19B9C /* AppDelegate.swift in Sources */ = {isa = PBXBuildFile; fileRef = DF73A59429A1583500B19B9C /* AppDelegate.swift */; };
		DF73A59729A1583500B19B9C /* SceneDelegate.swift in Sources */ = {isa = PBXBuildFile; fileRef = DF73A59629A1583500B19B9C /* SceneDelegate.swift */; };
		DF73A59929A1583500B19B9C /* MainTabBarViewController.swift in Sources */ = {isa = PBXBuildFile; fileRef = DF73A59829A1583500B19B9C /* MainTabBarViewController.swift */; };
		DF73A59E29A1583500B19B9C /* Assets.xcassets in Resources */ = {isa = PBXBuildFile; fileRef = DF73A59D29A1583500B19B9C /* Assets.xcassets */; };
		DF73A5A129A1583500B19B9C /* LaunchScreen.storyboard in Resources */ = {isa = PBXBuildFile; fileRef = DF73A59F29A1583500B19B9C /* LaunchScreen.storyboard */; };
		DF73A5AA29A15A8900B19B9C /* HomeViewController.swift in Sources */ = {isa = PBXBuildFile; fileRef = DF73A5A929A15A8900B19B9C /* HomeViewController.swift */; };
		DF73A5AC29A15AB300B19B9C /* UpcomingViewController.swift in Sources */ = {isa = PBXBuildFile; fileRef = DF73A5AB29A15AB300B19B9C /* UpcomingViewController.swift */; };
		DF73A5AE29A15ACF00B19B9C /* SearchViewController.swift in Sources */ = {isa = PBXBuildFile; fileRef = DF73A5AD29A15ACF00B19B9C /* SearchViewController.swift */; };
		DF73A5B029A15AF900B19B9C /* DownloadsViewController.swift in Sources */ = {isa = PBXBuildFile; fileRef = DF73A5AF29A15AF900B19B9C /* DownloadsViewController.swift */; };
		DFAFFD4629A1E97F00198D18 /* CollectionViewTableViewCell.swift in Sources */ = {isa = PBXBuildFile; fileRef = DFAFFD4529A1E97F00198D18 /* CollectionViewTableViewCell.swift */; };
/* End PBXBuildFile section */

/* Begin PBXFileReference section */
		DF1F805729A298D800830A38 /* HeroHeaderUIVIew.swift */ = {isa = PBXFileReference; lastKnownFileType = sourcecode.swift; path = HeroHeaderUIVIew.swift; sourceTree = "<group>"; };
		DF61E05729A46F800077DD09 /* APICaller.swift */ = {isa = PBXFileReference; lastKnownFileType = sourcecode.swift; path = APICaller.swift; sourceTree = "<group>"; };
		DF61E05929A474D70077DD09 /* Movie.swift */ = {isa = PBXFileReference; lastKnownFileType = sourcecode.swift; path = Movie.swift; sourceTree = "<group>"; };
		DF73A59129A1583500B19B9C /* Netflix Clone.app */ = {isa = PBXFileReference; explicitFileType = wrapper.application; includeInIndex = 0; path = "Netflix Clone.app"; sourceTree = BUILT_PRODUCTS_DIR; };
		DF73A59429A1583500B19B9C /* AppDelegate.swift */ = {isa = PBXFileReference; lastKnownFileType = sourcecode.swift; path = AppDelegate.swift; sourceTree = "<group>"; };
		DF73A59629A1583500B19B9C /* SceneDelegate.swift */ = {isa = PBXFileReference; lastKnownFileType = sourcecode.swift; path = SceneDelegate.swift; sourceTree = "<group>"; };
		DF73A59829A1583500B19B9C /* MainTabBarViewController.swift */ = {isa = PBXFileReference; lastKnownFileType = sourcecode.swift; path = MainTabBarViewController.swift; sourceTree = "<group>"; };
		DF73A59D29A1583500B19B9C /* Assets.xcassets */ = {isa = PBXFileReference; lastKnownFileType = folder.assetcatalog; path = Assets.xcassets; sourceTree = "<group>"; };
		DF73A5A029A1583500B19B9C /* Base */ = {isa = PBXFileReference; lastKnownFileType = file.storyboard; name = Base; path = Base.lproj/LaunchScreen.storyboard; sourceTree = "<group>"; };
		DF73A5A229A1583500B19B9C /* Info.plist */ = {isa = PBXFileReference; lastKnownFileType = text.plist.xml; path = Info.plist; sourceTree = "<group>"; };
		DF73A5A929A15A8900B19B9C /* HomeViewController.swift */ = {isa = PBXFileReference; lastKnownFileType = sourcecode.swift; path = HomeViewController.swift; sourceTree = "<group>"; };
		DF73A5AB29A15AB300B19B9C /* UpcomingViewController.swift */ = {isa = PBXFileReference; lastKnownFileType = sourcecode.swift; path = UpcomingViewController.swift; sourceTree = "<group>"; };
		DF73A5AD29A15ACF00B19B9C /* SearchViewController.swift */ = {isa = PBXFileReference; lastKnownFileType = sourcecode.swift; path = SearchViewController.swift; sourceTree = "<group>"; };
		DF73A5AF29A15AF900B19B9C /* DownloadsViewController.swift */ = {isa = PBXFileReference; lastKnownFileType = sourcecode.swift; path = DownloadsViewController.swift; sourceTree = "<group>"; };
		DFAFFD4529A1E97F00198D18 /* CollectionViewTableViewCell.swift */ = {isa = PBXFileReference; lastKnownFileType = sourcecode.swift; path = CollectionViewTableViewCell.swift; sourceTree = "<group>"; };
/* End PBXFileReference section */

/* Begin PBXFrameworksBuildPhase section */
		DF73A58E29A1583500B19B9C /* Frameworks */ = {
			isa = PBXFrameworksBuildPhase;
			buildActionMask = 2147483647;
			files = (
			);
			runOnlyForDeploymentPostprocessing = 0;
		};
/* End PBXFrameworksBuildPhase section */

/* Begin PBXGroup section */
		DF73A58829A1583500B19B9C = {
			isa = PBXGroup;
			children = (
				DF73A59329A1583500B19B9C /* Netflix Clone */,
				DF73A59229A1583500B19B9C /* Products */,
			);
			sourceTree = "<group>";
		};
		DF73A59229A1583500B19B9C /* Products */ = {
			isa = PBXGroup;
			children = (
				DF73A59129A1583500B19B9C /* Netflix Clone.app */,
			);
			name = Products;
			sourceTree = "<group>";
		};
		DF73A59329A1583500B19B9C /* Netflix Clone */ = {
			isa = PBXGroup;
			children = (
				DFAFFD4429A1E92600198D18 /* Managers */,
				DFAFFD4329A1E91A00198D18 /* Resourses */,
				DFAFFD4229A1E8E700198D18 /* Models */,
				DFAFFD4029A1E8C800198D18 /* Views */,
				DFAFFD4129A1E8D200198D18 /* ViewModels */,
				DF73A5A829A15A5900B19B9C /* Controllers */,
				DF73A59429A1583500B19B9C /* AppDelegate.swift */,
				DF73A59629A1583500B19B9C /* SceneDelegate.swift */,
				DF73A59829A1583500B19B9C /* MainTabBarViewController.swift */,
				DF73A59D29A1583500B19B9C /* Assets.xcassets */,
				DF73A59F29A1583500B19B9C /* LaunchScreen.storyboard */,
				DF73A5A229A1583500B19B9C /* Info.plist */,
			);
			path = "Netflix Clone";
			sourceTree = "<group>";
		};
		DF73A5A829A15A5900B19B9C /* Controllers */ = {
			isa = PBXGroup;
			children = (
				DF73A5A929A15A8900B19B9C /* HomeViewController.swift */,
				DF73A5AB29A15AB300B19B9C /* UpcomingViewController.swift */,
				DF73A5AD29A15ACF00B19B9C /* SearchViewController.swift */,
				DF73A5AF29A15AF900B19B9C /* DownloadsViewController.swift */,
			);
			path = Controllers;
			sourceTree = "<group>";
		};
		DFAFFD4029A1E8C800198D18 /* Views */ = {
			isa = PBXGroup;
			children = (
				DFAFFD4529A1E97F00198D18 /* CollectionViewTableViewCell.swift */,
				DF1F805729A298D800830A38 /* HeroHeaderUIVIew.swift */,
			);
			path = Views;
			sourceTree = "<group>";
		};
		DFAFFD4129A1E8D200198D18 /* ViewModels */ = {
			isa = PBXGroup;
			children = (
			);
			path = ViewModels;
			sourceTree = "<group>";
		};
		DFAFFD4229A1E8E700198D18 /* Models */ = {
			isa = PBXGroup;
			children = (
				DF61E05929A474D70077DD09 /* Movie.swift */,
			);
			path = Models;
			sourceTree = "<group>";
		};
		DFAFFD4329A1E91A00198D18 /* Resourses */ = {
			isa = PBXGroup;
			children = (
			);
			path = Resourses;
			sourceTree = "<group>";
		};
		DFAFFD4429A1E92600198D18 /* Managers */ = {
			isa = PBXGroup;
			children = (
				DF61E05729A46F800077DD09 /* APICaller.swift */,
			);
			path = Managers;
			sourceTree = "<group>";
		};
/* End PBXGroup section */

/* Begin PBXNativeTarget section */
		DF73A59029A1583500B19B9C /* Netflix Clone */ = {
			isa = PBXNativeTarget;
			buildConfigurationList = DF73A5A529A1583500B19B9C /* Build configuration list for PBXNativeTarget "Netflix Clone" */;
			buildPhases = (
				DF73A58D29A1583500B19B9C /* Sources */,
				DF73A58E29A1583500B19B9C /* Frameworks */,
				DF73A58F29A1583500B19B9C /* Resources */,
			);
			buildRules = (
			);
			dependencies = (
			);
			name = "Netflix Clone";
			productName = "Netflix Clone";
			productReference = DF73A59129A1583500B19B9C /* Netflix Clone.app */;
			productType = "com.apple.product-type.application";
		};
/* End PBXNativeTarget section */

/* Begin PBXProject section */
		DF73A58929A1583500B19B9C /* Project object */ = {
			isa = PBXProject;
			attributes = {
				BuildIndependentTargetsInParallel = 1;
				LastSwiftUpdateCheck = 1420;
				LastUpgradeCheck = 1420;
				TargetAttributes = {
					DF73A59029A1583500B19B9C = {
						CreatedOnToolsVersion = 14.2;
					};
				};
			};
			buildConfigurationList = DF73A58C29A1583500B19B9C /* Build configuration list for PBXProject "Netflix Clone" */;
			compatibilityVersion = "Xcode 14.0";
			developmentRegion = en;
			hasScannedForEncodings = 0;
			knownRegions = (
				en,
				Base,
			);
			mainGroup = DF73A58829A1583500B19B9C;
			productRefGroup = DF73A59229A1583500B19B9C /* Products */;
			projectDirPath = "";
			projectRoot = "";
			targets = (
				DF73A59029A1583500B19B9C /* Netflix Clone */,
			);
		};
/* End PBXProject section */

/* Begin PBXResourcesBuildPhase section */
		DF73A58F29A1583500B19B9C /* Resources */ = {
			isa = PBXResourcesBuildPhase;
			buildActionMask = 2147483647;
			files = (
				DF73A5A129A1583500B19B9C /* LaunchScreen.storyboard in Resources */,
				DF73A59E29A1583500B19B9C /* Assets.xcassets in Resources */,
			);
			runOnlyForDeploymentPostprocessing = 0;
		};
/* End PBXResourcesBuildPhase section */

/* Begin PBXSourcesBuildPhase section */
		DF73A58D29A1583500B19B9C /* Sources */ = {
			isa = PBXSourcesBuildPhase;
			buildActionMask = 2147483647;
			files = (
				DF73A5AE29A15ACF00B19B9C /* SearchViewController.swift in Sources */,
				DF73A59929A1583500B19B9C /* MainTabBarViewController.swift in Sources */,
				DF1F805829A298D800830A38 /* HeroHeaderUIVIew.swift in Sources */,
				DF61E05829A46F800077DD09 /* APICaller.swift in Sources */,
				DFAFFD4629A1E97F00198D18 /* CollectionViewTableViewCell.swift in Sources */,
				DF73A5B029A15AF900B19B9C /* DownloadsViewController.swift in Sources */,
				DF73A59529A1583500B19B9C /* AppDelegate.swift in Sources */,
				DF73A59729A1583500B19B9C /* SceneDelegate.swift in Sources */,
				DF73A5AC29A15AB300B19B9C /* UpcomingViewController.swift in Sources */,
				DF61E05A29A474D70077DD09 /* Movie.swift in Sources */,
				DF73A5AA29A15A8900B19B9C /* HomeViewController.swift in Sources */,
			);
			runOnlyForDeploymentPostprocessing = 0;
		};
/* End PBXSourcesBuildPhase section */

/* Begin PBXVariantGroup section */
		DF73A59F29A1583500B19B9C /* LaunchScreen.storyboard */ = {
			isa = PBXVariantGroup;
			children = (
				DF73A5A029A1583500B19B9C /* Base */,
			);
			name = LaunchScreen.storyboard;
			sourceTree = "<group>";
		};
/* End PBXVariantGroup section */

/* Begin XCBuildConfiguration section */
		DF73A5A329A1583500B19B9C /* Debug */ = {
			isa = XCBuildConfiguration;
			buildSettings = {
				ALWAYS_SEARCH_USER_PATHS = NO;
				CLANG_ANALYZER_NONNULL = YES;
				CLANG_ANALYZER_NUMBER_OBJECT_CONVERSION = YES_AGGRESSIVE;
				CLANG_CXX_LANGUAGE_STANDARD = "gnu++20";
				CLANG_ENABLE_MODULES = YES;
				CLANG_ENABLE_OBJC_ARC = YES;
				CLANG_ENABLE_OBJC_WEAK = YES;
				CLANG_WARN_BLOCK_CAPTURE_AUTORELEASING = YES;
				CLANG_WARN_BOOL_CONVERSION = YES;
				CLANG_WARN_COMMA = YES;
				CLANG_WARN_CONSTANT_CONVERSION = YES;
				CLANG_WARN_DEPRECATED_OBJC_IMPLEMENTATIONS = YES;
				CLANG_WARN_DIRECT_OBJC_ISA_USAGE = YES_ERROR;
				CLANG_WARN_DOCUMENTATION_COMMENTS = YES;
				CLANG_WARN_EMPTY_BODY = YES;
				CLANG_WARN_ENUM_CONVERSION = YES;
				CLANG_WARN_INFINITE_RECURSION = YES;
				CLANG_WARN_INT_CONVERSION = YES;
				CLANG_WARN_NON_LITERAL_NULL_CONVERSION = YES;
				CLANG_WARN_OBJC_IMPLICIT_RETAIN_SELF = YES;
				CLANG_WARN_OBJC_LITERAL_CONVERSION = YES;
				CLANG_WARN_OBJC_ROOT_CLASS = YES_ERROR;
				CLANG_WARN_QUOTED_INCLUDE_IN_FRAMEWORK_HEADER = YES;
				CLANG_WARN_RANGE_LOOP_ANALYSIS = YES;
				CLANG_WARN_STRICT_PROTOTYPES = YES;
				CLANG_WARN_SUSPICIOUS_MOVE = YES;
				CLANG_WARN_UNGUARDED_AVAILABILITY = YES_AGGRESSIVE;
				CLANG_WARN_UNREACHABLE_CODE = YES;
				CLANG_WARN__DUPLICATE_METHOD_MATCH = YES;
				COPY_PHASE_STRIP = NO;
				DEBUG_INFORMATION_FORMAT = dwarf;
				ENABLE_STRICT_OBJC_MSGSEND = YES;
				ENABLE_TESTABILITY = YES;
				GCC_C_LANGUAGE_STANDARD = gnu11;
				GCC_DYNAMIC_NO_PIC = NO;
				GCC_NO_COMMON_BLOCKS = YES;
				GCC_OPTIMIZATION_LEVEL = 0;
				GCC_PREPROCESSOR_DEFINITIONS = (
					"DEBUG=1",
					"$(inherited)",
				);
				GCC_WARN_64_TO_32_BIT_CONVERSION = YES;
				GCC_WARN_ABOUT_RETURN_TYPE = YES_ERROR;
				GCC_WARN_UNDECLARED_SELECTOR = YES;
				GCC_WARN_UNINITIALIZED_AUTOS = YES_AGGRESSIVE;
				GCC_WARN_UNUSED_FUNCTION = YES;
				GCC_WARN_UNUSED_VARIABLE = YES;
				IPHONEOS_DEPLOYMENT_TARGET = 16.2;
				MTL_ENABLE_DEBUG_INFO = INCLUDE_SOURCE;
				MTL_FAST_MATH = YES;
				ONLY_ACTIVE_ARCH = YES;
				SDKROOT = iphoneos;
				SWIFT_ACTIVE_COMPILATION_CONDITIONS = DEBUG;
				SWIFT_OPTIMIZATION_LEVEL = "-Onone";
			};
			name = Debug;
		};
		DF73A5A429A1583500B19B9C /* Release */ = {
			isa = XCBuildConfiguration;
			buildSettings = {
				ALWAYS_SEARCH_USER_PATHS = NO;
				CLANG_ANALYZER_NONNULL = YES;
				CLANG_ANALYZER_NUMBER_OBJECT_CONVERSION = YES_AGGRESSIVE;
				CLANG_CXX_LANGUAGE_STANDARD = "gnu++20";
				CLANG_ENABLE_MODULES = YES;
				CLANG_ENABLE_OBJC_ARC = YES;
				CLANG_ENABLE_OBJC_WEAK = YES;
				CLANG_WARN_BLOCK_CAPTURE_AUTORELEASING = YES;
				CLANG_WARN_BOOL_CONVERSION = YES;
				CLANG_WARN_COMMA = YES;
				CLANG_WARN_CONSTANT_CONVERSION = YES;
				CLANG_WARN_DEPRECATED_OBJC_IMPLEMENTATIONS = YES;
				CLANG_WARN_DIRECT_OBJC_ISA_USAGE = YES_ERROR;
				CLANG_WARN_DOCUMENTATION_COMMENTS = YES;
				CLANG_WARN_EMPTY_BODY = YES;
				CLANG_WARN_ENUM_CONVERSION = YES;
				CLANG_WARN_INFINITE_RECURSION = YES;
				CLANG_WARN_INT_CONVERSION = YES;
				CLANG_WARN_NON_LITERAL_NULL_CONVERSION = YES;
				CLANG_WARN_OBJC_IMPLICIT_RETAIN_SELF = YES;
				CLANG_WARN_OBJC_LITERAL_CONVERSION = YES;
				CLANG_WARN_OBJC_ROOT_CLASS = YES_ERROR;
				CLANG_WARN_QUOTED_INCLUDE_IN_FRAMEWORK_HEADER = YES;
				CLANG_WARN_RANGE_LOOP_ANALYSIS = YES;
				CLANG_WARN_STRICT_PROTOTYPES = YES;
				CLANG_WARN_SUSPICIOUS_MOVE = YES;
				CLANG_WARN_UNGUARDED_AVAILABILITY = YES_AGGRESSIVE;
				CLANG_WARN_UNREACHABLE_CODE = YES;
				CLANG_WARN__DUPLICATE_METHOD_MATCH = YES;
				COPY_PHASE_STRIP = NO;
				DEBUG_INFORMATION_FORMAT = "dwarf-with-dsym";
				ENABLE_NS_ASSERTIONS = NO;
				ENABLE_STRICT_OBJC_MSGSEND = YES;
				GCC_C_LANGUAGE_STANDARD = gnu11;
				GCC_NO_COMMON_BLOCKS = YES;
				GCC_WARN_64_TO_32_BIT_CONVERSION = YES;
				GCC_WARN_ABOUT_RETURN_TYPE = YES_ERROR;
				GCC_WARN_UNDECLARED_SELECTOR = YES;
				GCC_WARN_UNINITIALIZED_AUTOS = YES_AGGRESSIVE;
				GCC_WARN_UNUSED_FUNCTION = YES;
				GCC_WARN_UNUSED_VARIABLE = YES;
				IPHONEOS_DEPLOYMENT_TARGET = 16.2;
				MTL_ENABLE_DEBUG_INFO = NO;
				MTL_FAST_MATH = YES;
				SDKROOT = iphoneos;
				SWIFT_COMPILATION_MODE = wholemodule;
				SWIFT_OPTIMIZATION_LEVEL = "-O";
				VALIDATE_PRODUCT = YES;
			};
			name = Release;
		};
		DF73A5A629A1583500B19B9C /* Debug */ = {
			isa = XCBuildConfiguration;
			buildSettings = {
				ASSETCATALOG_COMPILER_APPICON_NAME = AppIcon;
				ASSETCATALOG_COMPILER_GLOBAL_ACCENT_COLOR_NAME = AccentColor;
				CODE_SIGN_STYLE = Automatic;
				CURRENT_PROJECT_VERSION = 1;
				DEVELOPMENT_TEAM = 6FND569U7Z;
				GENERATE_INFOPLIST_FILE = YES;
				INFOPLIST_FILE = "Netflix Clone/Info.plist";
				INFOPLIST_KEY_UIApplicationSupportsIndirectInputEvents = YES;
				INFOPLIST_KEY_UILaunchStoryboardName = LaunchScreen;
				INFOPLIST_KEY_UISupportedInterfaceOrientations_iPad = "UIInterfaceOrientationPortrait UIInterfaceOrientationPortraitUpsideDown UIInterfaceOrientationLandscapeLeft UIInterfaceOrientationLandscapeRight";
				INFOPLIST_KEY_UISupportedInterfaceOrientations_iPhone = "UIInterfaceOrientationPortrait UIInterfaceOrientationLandscapeLeft UIInterfaceOrientationLandscapeRight";
				LD_RUNPATH_SEARCH_PATHS = (
					"$(inherited)",
					"@executable_path/Frameworks",
				);
				MARKETING_VERSION = 1.0;
				PRODUCT_BUNDLE_IDENTIFIER = "com.argenbaev.Netflix-Clone";
				PRODUCT_NAME = "$(TARGET_NAME)";
				SWIFT_EMIT_LOC_STRINGS = YES;
				SWIFT_VERSION = 5.0;
				TARGETED_DEVICE_FAMILY = "1,2";
			};
			name = Debug;
		};
		DF73A5A729A1583500B19B9C /* Release */ = {
			isa = XCBuildConfiguration;
			buildSettings = {
				ASSETCATALOG_COMPILER_APPICON_NAME = AppIcon;
				ASSETCATALOG_COMPILER_GLOBAL_ACCENT_COLOR_NAME = AccentColor;
				CODE_SIGN_STYLE = Automatic;
				CURRENT_PROJECT_VERSION = 1;
				DEVELOPMENT_TEAM = 6FND569U7Z;
				GENERATE_INFOPLIST_FILE = YES;
				INFOPLIST_FILE = "Netflix Clone/Info.plist";
				INFOPLIST_KEY_UIApplicationSupportsIndirectInputEvents = YES;
				INFOPLIST_KEY_UILaunchStoryboardName = LaunchScreen;
				INFOPLIST_KEY_UISupportedInterfaceOrientations_iPad = "UIInterfaceOrientationPortrait UIInterfaceOrientationPortraitUpsideDown UIInterfaceOrientationLandscapeLeft UIInterfaceOrientationLandscapeRight";
				INFOPLIST_KEY_UISupportedInterfaceOrientations_iPhone = "UIInterfaceOrientationPortrait UIInterfaceOrientationLandscapeLeft UIInterfaceOrientationLandscapeRight";
				LD_RUNPATH_SEARCH_PATHS = (
					"$(inherited)",
					"@executable_path/Frameworks",
				);
				MARKETING_VERSION = 1.0;
				PRODUCT_BUNDLE_IDENTIFIER = "com.argenbaev.Netflix-Clone";
				PRODUCT_NAME = "$(TARGET_NAME)";
				SWIFT_EMIT_LOC_STRINGS = YES;
				SWIFT_VERSION = 5.0;
				TARGETED_DEVICE_FAMILY = "1,2";
			};
			name = Release;
		};
/* End XCBuildConfiguration section */

/* Begin XCConfigurationList section */
		DF73A58C29A1583500B19B9C /* Build configuration list for PBXProject "Netflix Clone" */ = {
			isa = XCConfigurationList;
			buildConfigurations = (
				DF73A5A329A1583500B19B9C /* Debug */,
				DF73A5A429A1583500B19B9C /* Release */,
			);
			defaultConfigurationIsVisible = 0;
			defaultConfigurationName = Release;
		};
		DF73A5A529A1583500B19B9C /* Build configuration list for PBXNativeTarget "Netflix Clone" */ = {
			isa = XCConfigurationList;
			buildConfigurations = (
				DF73A5A629A1583500B19B9C /* Debug */,
				DF73A5A729A1583500B19B9C /* Release */,
			);
			defaultConfigurationIsVisible = 0;
			defaultConfigurationName = Release;
		};
/* End XCConfigurationList section */
	};
	rootObject = DF73A58929A1583500B19B9C /* Project object */;
}
